
Microsoft Visual Studio Solution File, Format Version 12.00
# Visual Studio 15
VisualStudioVersion = 15.0.28307.539
MinimumVisualStudioVersion = 10.0.40219.1
Project("{FAE04EC0-301F-11D3-BF4B-00C04F79EFBC}") = "XamarinTutorial.Android", "XamarinTutorial\XamarinTutorial.Android\XamarinTutorial.Android.csproj", "{360606B7-F886-4F5A-AF9A-1CD2FD318052}"
EndProject
Project("{FAE04EC0-301F-11D3-BF4B-00C04F79EFBC}") = "XamarinTutorial.iOS", "XamarinTutorial\XamarinTutorial.iOS\XamarinTutorial.iOS.csproj", "{238AEB62-A36C-488A-9C32-F10F0DF7D63A}"
EndProject
Project("{FAE04EC0-301F-11D3-BF4B-00C04F79EFBC}") = "XamarinTutorial", "XamarinTutorial\XamarinTutorial\XamarinTutorial.csproj", "{001F330D-4867-476C-8353-6F9D04AC21AC}"
EndProject
Global
	GlobalSection(SolutionConfigurationPlatforms) = preSolution
		Ad-Hoc|Any CPU = Ad-Hoc|Any CPU
		Ad-Hoc|iPhone = Ad-Hoc|iPhone
		Ad-Hoc|iPhoneSimulator = Ad-Hoc|iPhoneSimulator
		AppStore|Any CPU = AppStore|Any CPU
		AppStore|iPhone = AppStore|iPhone
		AppStore|iPhoneSimulator = AppStore|iPhoneSimulator
		Debug|Any CPU = Debug|Any CPU
		Debug|iPhone = Debug|iPhone
		Debug|iPhoneSimulator = Debug|iPhoneSimulator
		Release|Any CPU = Release|Any CPU
		Release|iPhone = Release|iPhone
		Release|iPhoneSimulator = Release|iPhoneSimulator
	EndGlobalSection
	GlobalSection(ProjectConfigurationPlatforms) = postSolution
		{360606B7-F886-4F5A-AF9A-1CD2FD318052}.Ad-Hoc|Any CPU.ActiveCfg = Release|Any CPU
		{360606B7-F886-4F5A-AF9A-1CD2FD318052}.Ad-Hoc|Any CPU.Build.0 = Release|Any CPU
		{360606B7-F886-4F5A-AF9A-1CD2FD318052}.Ad-Hoc|Any CPU.Deploy.0 = Release|Any CPU
		{360606B7-F886-4F5A-AF9A-1CD2FD318052}.Ad-Hoc|iPhone.ActiveCfg = Release|Any CPU
		{360606B7-F886-4F5A-AF9A-1CD2FD318052}.Ad-Hoc|iPhone.Build.0 = Release|Any CPU
		{360606B7-F886-4F5A-AF9A-1CD2FD318052}.Ad-Hoc|iPhone.Deploy.0 = Release|Any CPU
		{360606B7-F886-4F5A-AF9A-1CD2FD318052}.Ad-Hoc|iPhoneSimulator.ActiveCfg = Release|Any CPU
		{360606B7-F886-4F5A-AF9A-1CD2FD318052}.Ad-Hoc|iPhoneSimulator.Build.0 = Release|Any CPU
		{360606B7-F886-4F5A-AF9A-1CD2FD318052}.Ad-Hoc|iPhoneSimulator.Deploy.0 = Release|Any CPU
		{360606B7-F886-4F5A-AF9A-1CD2FD318052}.AppStore|Any CPU.ActiveCfg = Release|Any CPU
		{360606B7-F886-4F5A-AF9A-1CD2FD318052}.AppStore|Any CPU.Build.0 = Release|Any CPU
		{360606B7-F886-4F5A-AF9A-1CD2FD318052}.AppStore|Any CPU.Deploy.0 = Release|Any CPU
		{360606B7-F886-4F5A-AF9A-1CD2FD318052}.AppStore|iPhone.ActiveCfg = Release|Any CPU
		{360606B7-F886-4F5A-AF9A-1CD2FD318052}.AppStore|iPhone.Build.0 = Release|Any CPU
		{360606B7-F886-4F5A-AF9A-1CD2FD318052}.AppStore|iPhone.Deploy.0 = Release|Any CPU
		{360606B7-F886-4F5A-AF9A-1CD2FD318052}.AppStore|iPhoneSimulator.ActiveCfg = Release|Any CPU
		{360606B7-F886-4F5A-AF9A-1CD2FD318052}.AppStore|iPhoneSimulator.Build.0 = Release|Any CPU
		{360606B7-F886-4F5A-AF9A-1CD2FD318052}.AppStore|iPhoneSimulator.Deploy.0 = Release|Any CPU
		{360606B7-F886-4F5A-AF9A-1CD2FD318052}.Debug|Any CPU.ActiveCfg = Debug|Any CPU
		{360606B7-F886-4F5A-AF9A-1CD2FD318052}.Debug|Any CPU.Build.0 = Debug|Any CPU
		{360606B7-F886-4F5A-AF9A-1CD2FD318052}.Debug|Any CPU.Deploy.0 = Debug|Any CPU
		{360606B7-F886-4F5A-AF9A-1CD2FD318052}.Debug|iPhone.ActiveCfg = Debug|Any CPU
		{360606B7-F886-4F5A-AF9A-1CD2FD318052}.Debug|iPhone.Build.0 = Debug|Any CPU
		{360606B7-F886-4F5A-AF9A-1CD2FD318052}.Debug|iPhone.Deploy.0 = Debug|Any CPU
		{360606B7-F886-4F5A-AF9A-1CD2FD318052}.Debug|iPhoneSimulator.ActiveCfg = Debug|Any CPU
		{360606B7-F886-4F5A-AF9A-1CD2FD318052}.Debug|iPhoneSimulator.Build.0 = Debug|Any CPU
		{360606B7-F886-4F5A-AF9A-1CD2FD318052}.Debug|iPhoneSimulator.Deploy.0 = Debug|Any CPU
		{360606B7-F886-4F5A-AF9A-1CD2FD318052}.Release|Any CPU.ActiveCfg = Release|Any CPU
		{360606B7-F886-4F5A-AF9A-1CD2FD318052}.Release|Any CPU.Build.0 = Release|Any CPU
		{360606B7-F886-4F5A-AF9A-1CD2FD318052}.Release|Any CPU.Deploy.0 = Release|Any CPU
		{360606B7-F886-4F5A-AF9A-1CD2FD318052}.Release|iPhone.ActiveCfg = Release|Any CPU
		{360606B7-F886-4F5A-AF9A-1CD2FD318052}.Release|iPhone.Build.0 = Release|Any CPU
		{360606B7-F886-4F5A-AF9A-1CD2FD318052}.Release|iPhone.Deploy.0 = Release|Any CPU
		{360606B7-F886-4F5A-AF9A-1CD2FD318052}.Release|iPhoneSimulator.ActiveCfg = Release|Any CPU
		{360606B7-F886-4F5A-AF9A-1CD2FD318052}.Release|iPhoneSimulator.Build.0 = Release|Any CPU
		{360606B7-F886-4F5A-AF9A-1CD2FD318052}.Release|iPhoneSimulator.Deploy.0 = Release|Any CPU
		{238AEB62-A36C-488A-9C32-F10F0DF7D63A}.Ad-Hoc|Any CPU.ActiveCfg = Ad-Hoc|iPhone
		{238AEB62-A36C-488A-9C32-F10F0DF7D63A}.Ad-Hoc|Any CPU.Build.0 = Ad-Hoc|iPhone
		{238AEB62-A36C-488A-9C32-F10F0DF7D63A}.Ad-Hoc|Any CPU.Deploy.0 = Ad-Hoc|iPhone
		{238AEB62-A36C-488A-9C32-F10F0DF7D63A}.Ad-Hoc|iPhone.ActiveCfg = Ad-Hoc|iPhone
		{238AEB62-A36C-488A-9C32-F10F0DF7D63A}.Ad-Hoc|iPhone.Build.0 = Ad-Hoc|iPhone
		{238AEB62-A36C-488A-9C32-F10F0DF7D63A}.Ad-Hoc|iPhone.Deploy.0 = Ad-Hoc|iPhone
		{238AEB62-A36C-488A-9C32-F10F0DF7D63A}.Ad-Hoc|iPhoneSimulator.ActiveCfg = Ad-Hoc|iPhoneSimulator
		{238AEB62-A36C-488A-9C32-F10F0DF7D63A}.Ad-Hoc|iPhoneSimulator.Build.0 = Ad-Hoc|iPhoneSimulator
		{238AEB62-A36C-488A-9C32-F10F0DF7D63A}.Ad-Hoc|iPhoneSimulator.Deploy.0 = Ad-Hoc|iPhoneSimulator
		{238AEB62-A36C-488A-9C32-F10F0DF7D63A}.AppStore|Any CPU.ActiveCfg = AppStore|iPhone
		{238AEB62-A36C-488A-9C32-F10F0DF7D63A}.AppStore|Any CPU.Build.0 = AppStore|iPhone
		{238AEB62-A36C-488A-9C32-F10F0DF7D63A}.AppStore|Any CPU.Deploy.0 = AppStore|iPhone
		{238AEB62-A36C-488A-9C32-F10F0DF7D63A}.AppStore|iPhone.ActiveCfg = AppStore|iPhone
		{238AEB62-A36C-488A-9C32-F10F0DF7D63A}.AppStore|iPhone.Build.0 = AppStore|iPhone
		{238AEB62-A36C-488A-9C32-F10F0DF7D63A}.AppStore|iPhone.Deploy.0 = AppStore|iPhone
		{238AEB62-A36C-488A-9C32-F10F0DF7D63A}.AppStore|iPhoneSimulator.ActiveCfg = AppStore|iPhoneSimulator
		{238AEB62-A36C-488A-9C32-F10F0DF7D63A}.AppStore|iPhoneSimulator.Build.0 = AppStore|iPhoneSimulator
		{238AEB62-A36C-488A-9C32-F10F0DF7D63A}.AppStore|iPhoneSimulator.Deploy.0 = AppStore|iPhoneSimulator
		{238AEB62-A36C-488A-9C32-F10F0DF7D63A}.Debug|Any CPU.ActiveCfg = Debug|iPhoneSimulator
		{238AEB62-A36C-488A-9C32-F10F0DF7D63A}.Debug|Any CPU.Build.0 = Debug|iPhoneSimulator
		{238AEB62-A36C-488A-9C32-F10F0DF7D63A}.Debug|Any CPU.Deploy.0 = Debug|iPhoneSimulator
		{238AEB62-A36C-488A-9C32-F10F0DF7D63A}.Debug|iPhone.ActiveCfg = Debug|iPhone
		{238AEB62-A36C-488A-9C32-F10F0DF7D63A}.Debug|iPhone.Build.0 = Debug|iPhone
		{238AEB62-A36C-488A-9C32-F10F0DF7D63A}.Debug|iPhone.Deploy.0 = Debug|iPhone
		{238AEB62-A36C-488A-9C32-F10F0DF7D63A}.Debug|iPhoneSimulator.ActiveCfg = Debug|iPhoneSimulator
		{238AEB62-A36C-488A-9C32-F10F0DF7D63A}.Debug|iPhoneSimulator.Build.0 = Debug|iPhoneSimulator
		{238AEB62-A36C-488A-9C32-F10F0DF7D63A}.Debug|iPhoneSimulator.Deploy.0 = Debug|iPhoneSimulator
		{238AEB62-A36C-488A-9C32-F10F0DF7D63A}.Release|Any CPU.ActiveCfg = Release|iPhone
		{238AEB62-A36C-488A-9C32-F10F0DF7D63A}.Release|Any CPU.Build.0 = Release|iPhone
		{238AEB62-A36C-488A-9C32-F10F0DF7D63A}.Release|Any CPU.Deploy.0 = Release|iPhone
		{238AEB62-A36C-488A-9C32-F10F0DF7D63A}.Release|iPhone.ActiveCfg = Release|iPhone
		{238AEB62-A36C-488A-9C32-F10F0DF7D63A}.Release|iPhone.Build.0 = Release|iPhone
		{238AEB62-A36C-488A-9C32-F10F0DF7D63A}.Release|iPhone.Deploy.0 = Release|iPhone
		{238AEB62-A36C-488A-9C32-F10F0DF7D63A}.Release|iPhoneSimulator.ActiveCfg = Release|iPhoneSimulator
		{238AEB62-A36C-488A-9C32-F10F0DF7D63A}.Release|iPhoneSimulator.Build.0 = Release|iPhoneSimulator
		{238AEB62-A36C-488A-9C32-F10F0DF7D63A}.Release|iPhoneSimulator.Deploy.0 = Release|iPhoneSimulator
		{001F330D-4867-476C-8353-6F9D04AC21AC}.Ad-Hoc|Any CPU.ActiveCfg = Debug|Any CPU
		{001F330D-4867-476C-8353-6F9D04AC21AC}.Ad-Hoc|Any CPU.Build.0 = Debug|Any CPU
		{001F330D-4867-476C-8353-6F9D04AC21AC}.Ad-Hoc|Any CPU.Deploy.0 = Debug|Any CPU
		{001F330D-4867-476C-8353-6F9D04AC21AC}.Ad-Hoc|iPhone.ActiveCfg = Debug|Any CPU
		{001F330D-4867-476C-8353-6F9D04AC21AC}.Ad-Hoc|iPhone.Build.0 = Debug|Any CPU
		{001F330D-4867-476C-8353-6F9D04AC21AC}.Ad-Hoc|iPhone.Deploy.0 = Debug|Any CPU
		{001F330D-4867-476C-8353-6F9D04AC21AC}.Ad-Hoc|iPhoneSimulator.ActiveCfg = Debug|Any CPU
		{001F330D-4867-476C-8353-6F9D04AC21AC}.Ad-Hoc|iPhoneSimulator.Build.0 = Debug|Any CPU
		{001F330D-4867-476C-8353-6F9D04AC21AC}.Ad-Hoc|iPhoneSimulator.Deploy.0 = Debug|Any CPU
		{001F330D-4867-476C-8353-6F9D04AC21AC}.AppStore|Any CPU.ActiveCfg = Debug|Any CPU
		{001F330D-4867-476C-8353-6F9D04AC21AC}.AppStore|Any CPU.Build.0 = Debug|Any CPU
		{001F330D-4867-476C-8353-6F9D04AC21AC}.AppStore|Any CPU.Deploy.0 = Debug|Any CPU
		{001F330D-4867-476C-8353-6F9D04AC21AC}.AppStore|iPhone.ActiveCfg = Debug|Any CPU
		{001F330D-4867-476C-8353-6F9D04AC21AC}.AppStore|iPhone.Build.0 = Debug|Any CPU
		{001F330D-4867-476C-8353-6F9D04AC21AC}.AppStore|iPhone.Deploy.0 = Debug|Any CPU
		{001F330D-4867-476C-8353-6F9D04AC21AC}.AppStore|iPhoneSimulator.ActiveCfg = Debug|Any CPU
		{001F330D-4867-476C-8353-6F9D04AC21AC}.AppStore|iPhoneSimulator.Build.0 = Debug|Any CPU
		{001F330D-4867-476C-8353-6F9D04AC21AC}.AppStore|iPhoneSimulator.Deploy.0 = Debug|Any CPU
		{001F330D-4867-476C-8353-6F9D04AC21AC}.Debug|Any CPU.ActiveCfg = Debug|Any CPU
		{001F330D-4867-476C-8353-6F9D04AC21AC}.Debug|Any CPU.Build.0 = Debug|Any CPU
		{001F330D-4867-476C-8353-6F9D04AC21AC}.Debug|Any CPU.Deploy.0 = Debug|Any CPU
		{001F330D-4867-476C-8353-6F9D04AC21AC}.Debug|iPhone.ActiveCfg = Debug|Any CPU
		{001F330D-4867-476C-8353-6F9D04AC21AC}.Debug|iPhone.Build.0 = Debug|Any CPU
		{001F330D-4867-476C-8353-6F9D04AC21AC}.Debug|iPhone.Deploy.0 = Debug|Any CPU
		{001F330D-4867-476C-8353-6F9D04AC21AC}.Debug|iPhoneSimulator.ActiveCfg = Debug|Any CPU
		{001F330D-4867-476C-8353-6F9D04AC21AC}.Debug|iPhoneSimulator.Build.0 = Debug|Any CPU
		{001F330D-4867-476C-8353-6F9D04AC21AC}.Debug|iPhoneSimulator.Deploy.0 = Debug|Any CPU
		{001F330D-4867-476C-8353-6F9D04AC21AC}.Release|Any CPU.ActiveCfg = Release|Any CPU
		{001F330D-4867-476C-8353-6F9D04AC21AC}.Release|Any CPU.Build.0 = Release|Any CPU
		{001F330D-4867-476C-8353-6F9D04AC21AC}.Release|Any CPU.Deploy.0 = Release|Any CPU
		{001F330D-4867-476C-8353-6F9D04AC21AC}.Release|iPhone.ActiveCfg = Release|Any CPU
		{001F330D-4867-476C-8353-6F9D04AC21AC}.Release|iPhone.Build.0 = Release|Any CPU
		{001F330D-4867-476C-8353-6F9D04AC21AC}.Release|iPhone.Deploy.0 = Release|Any CPU
		{001F330D-4867-476C-8353-6F9D04AC21AC}.Release|iPhoneSimulator.ActiveCfg = Release|Any CPU
		{001F330D-4867-476C-8353-6F9D04AC21AC}.Release|iPhoneSimulator.Build.0 = Release|Any CPU
		{001F330D-4867-476C-8353-6F9D04AC21AC}.Release|iPhoneSimulator.Deploy.0 = Release|Any CPU
	EndGlobalSection
	GlobalSection(SolutionProperties) = preSolution
		HideSolutionNode = FALSE
	EndGlobalSection
	GlobalSection(ExtensibilityGlobals) = postSolution
		SolutionGuid = {525542C2-02DB-410B-8926-224F734D1C21}
	EndGlobalSection
EndGlobal
